// !$*UTF8*$!
{
	archiveVersion = 1;
	classes = {
	};
	objectVersion = 50;
	objects = {

/* Begin PBXBuildFile section */
		86BA14334E9F20A4BD464BA5 /* Pods_SwiftyJSONApp.framework in Frameworks */ = {isa = PBXBuildFile; fileRef = DE7230AD3F86992DD8B699EF /* Pods_SwiftyJSONApp.framework */; };
		8DABDB2321ECCB180065B93C /* AppDelegate.swift in Sources */ = {isa = PBXBuildFile; fileRef = 8DABDB2221ECCB180065B93C /* AppDelegate.swift */; };
		8DABDB2A21ECCB1A0065B93C /* Assets.xcassets in Resources */ = {isa = PBXBuildFile; fileRef = 8DABDB2921ECCB1A0065B93C /* Assets.xcassets */; };
		8DABDB2D21ECCB1A0065B93C /* LaunchScreen.storyboard in Resources */ = {isa = PBXBuildFile; fileRef = 8DABDB2B21ECCB1A0065B93C /* LaunchScreen.storyboard */; };
		8DABDB3921ECCBC80065B93C /*  CustomTextField.swift in Sources */ = {isa = PBXBuildFile; fileRef = 8DABDB3821ECCBC80065B93C /*  CustomTextField.swift */; };
		8DABDB4121ECCC230065B93C /* StudentViewController.swift in Sources */ = {isa = PBXBuildFile; fileRef = 8DABDB3F21ECCC230065B93C /* StudentViewController.swift */; };
		8DABDB4321ECCC7C0065B93C /* StudentManager.swift in Sources */ = {isa = PBXBuildFile; fileRef = 8DABDB4221ECCC7C0065B93C /* StudentManager.swift */; };
		8DABDB4521ECCC8B0065B93C /* Main.storyboard in Resources */ = {isa = PBXBuildFile; fileRef = 8DABDB4421ECCC8B0065B93C /* Main.storyboard */; };
		8DABDB4A21ECD1370065B93C /* Student.swift in Sources */ = {isa = PBXBuildFile; fileRef = 8DABDB4921ECD1370065B93C /* Student.swift */; };
		8DAC7BA321EF762B0030AE9D /* RequestHandler.swift in Sources */ = {isa = PBXBuildFile; fileRef = 8DAC7BA221EF762B0030AE9D /* RequestHandler.swift */; };
		8DAC7BA521EF76320030AE9D /* AlamofireClient.swift in Sources */ = {isa = PBXBuildFile; fileRef = 8DAC7BA421EF76320030AE9D /* AlamofireClient.swift */; };
		8DAC7BA721EF763C0030AE9D /* SendMessageRequest.swift in Sources */ = {isa = PBXBuildFile; fileRef = 8DAC7BA621EF763C0030AE9D /* SendMessageRequest.swift */; };
/* End PBXBuildFile section */

/* Begin PBXFileReference section */
		6718BE533559C26112E7C1EC /* Pods-SwiftyJSONApp.debug.xcconfig */ = {isa = PBXFileReference; includeInIndex = 1; lastKnownFileType = text.xcconfig; name = "Pods-SwiftyJSONApp.debug.xcconfig"; path = "Pods/Target Support Files/Pods-SwiftyJSONApp/Pods-SwiftyJSONApp.debug.xcconfig"; sourceTree = "<group>"; };
		8DABDB1F21ECCB180065B93C /* SwiftyJSONApp.app */ = {isa = PBXFileReference; explicitFileType = wrapper.application; includeInIndex = 0; path = SwiftyJSONApp.app; sourceTree = BUILT_PRODUCTS_DIR; };
		8DABDB2221ECCB180065B93C /* AppDelegate.swift */ = {isa = PBXFileReference; lastKnownFileType = sourcecode.swift; path = AppDelegate.swift; sourceTree = "<group>"; };
		8DABDB2921ECCB1A0065B93C /* Assets.xcassets */ = {isa = PBXFileReference; lastKnownFileType = folder.assetcatalog; path = Assets.xcassets; sourceTree = "<group>"; };
		8DABDB2C21ECCB1A0065B93C /* Base */ = {isa = PBXFileReference; lastKnownFileType = file.storyboard; name = Base; path = Base.lproj/LaunchScreen.storyboard; sourceTree = "<group>"; };
		8DABDB2E21ECCB1A0065B93C /* Info.plist */ = {isa = PBXFileReference; lastKnownFileType = text.plist.xml; path = Info.plist; sourceTree = "<group>"; };
		8DABDB3821ECCBC80065B93C /*  CustomTextField.swift */ = {isa = PBXFileReference; fileEncoding = 4; lastKnownFileType = sourcecode.swift; path = " CustomTextField.swift"; sourceTree = "<group>"; };
		8DABDB3F21ECCC230065B93C /* StudentViewController.swift */ = {isa = PBXFileReference; fileEncoding = 4; lastKnownFileType = sourcecode.swift; path = StudentViewController.swift; sourceTree = "<group>"; };
		8DABDB4221ECCC7C0065B93C /* StudentManager.swift */ = {isa = PBXFileReference; fileEncoding = 4; lastKnownFileType = sourcecode.swift; path = StudentManager.swift; sourceTree = "<group>"; };
		8DABDB4421ECCC8B0065B93C /* Main.storyboard */ = {isa = PBXFileReference; fileEncoding = 4; lastKnownFileType = file.storyboard; path = Main.storyboard; sourceTree = "<group>"; };
		8DABDB4921ECD1370065B93C /* Student.swift */ = {isa = PBXFileReference; lastKnownFileType = sourcecode.swift; path = Student.swift; sourceTree = "<group>"; };
		8DAC7BA221EF762B0030AE9D /* RequestHandler.swift */ = {isa = PBXFileReference; fileEncoding = 4; lastKnownFileType = sourcecode.swift; path = RequestHandler.swift; sourceTree = "<group>"; };
		8DAC7BA421EF76320030AE9D /* AlamofireClient.swift */ = {isa = PBXFileReference; fileEncoding = 4; lastKnownFileType = sourcecode.swift; path = AlamofireClient.swift; sourceTree = "<group>"; };
		8DAC7BA621EF763C0030AE9D /* SendMessageRequest.swift */ = {isa = PBXFileReference; fileEncoding = 4; lastKnownFileType = sourcecode.swift; path = SendMessageRequest.swift; sourceTree = "<group>"; };
		96A7CD9F95C72290F7171075 /* Pods-SwiftyJSONApp.release.xcconfig */ = {isa = PBXFileReference; includeInIndex = 1; lastKnownFileType = text.xcconfig; name = "Pods-SwiftyJSONApp.release.xcconfig"; path = "Pods/Target Support Files/Pods-SwiftyJSONApp/Pods-SwiftyJSONApp.release.xcconfig"; sourceTree = "<group>"; };
		DE7230AD3F86992DD8B699EF /* Pods_SwiftyJSONApp.framework */ = {isa = PBXFileReference; explicitFileType = wrapper.framework; includeInIndex = 0; path = Pods_SwiftyJSONApp.framework; sourceTree = BUILT_PRODUCTS_DIR; };
/* End PBXFileReference section */

/* Begin PBXFrameworksBuildPhase section */
		8DABDB1C21ECCB180065B93C /* Frameworks */ = {
			isa = PBXFrameworksBuildPhase;
			buildActionMask = 2147483647;
			files = (
				86BA14334E9F20A4BD464BA5 /* Pods_SwiftyJSONApp.framework in Frameworks */,
			);
			runOnlyForDeploymentPostprocessing = 0;
		};
/* End PBXFrameworksBuildPhase section */

/* Begin PBXGroup section */
		8DABDB1621ECCB180065B93C = {
			isa = PBXGroup;
			children = (
				8DABDB2121ECCB180065B93C /* SwiftyJSONApp */,
				8DABDB2021ECCB180065B93C /* Products */,
				F8E30A494AA1EEEA67E333B7 /* Pods */,
				E6C9031DB0587A53FF644F42 /* Frameworks */,
			);
			sourceTree = "<group>";
		};
		8DABDB2021ECCB180065B93C /* Products */ = {
			isa = PBXGroup;
			children = (
				8DABDB1F21ECCB180065B93C /* SwiftyJSONApp.app */,
			);
			name = Products;
			sourceTree = "<group>";
		};
		8DABDB2121ECCB180065B93C /* SwiftyJSONApp */ = {
			isa = PBXGroup;
			children = (
				8DABDB2E21ECCB1A0065B93C /* Info.plist */,
				8DABDB3B21ECCC000065B93C /* Storyboards */,
				8DABDB3A21ECCBEC0065B93C /* Supporting Files */,
				8DABDB4621ECD1090065B93C /* Model */,
				8DABDB3421ECCB890065B93C /* Managers */,
				8DABDB3D21ECCC230065B93C /* Student */,
			);
			path = SwiftyJSONApp;
			sourceTree = "<group>";
		};
		8DABDB3421ECCB890065B93C /* Managers */ = {
			isa = PBXGroup;
			children = (
				8DAC7BA821EF76A70030AE9D /* Network */,
				8DABDB4221ECCC7C0065B93C /* StudentManager.swift */,
			);
			path = Managers;
			sourceTree = "<group>";
		};
		8DABDB3621ECCBC80065B93C /* CustomViews */ = {
			isa = PBXGroup;
			children = (
				8DABDB3721ECCBC80065B93C /* TextFields */,
			);
			path = CustomViews;
			sourceTree = "<group>";
		};
		8DABDB3721ECCBC80065B93C /* TextFields */ = {
			isa = PBXGroup;
			children = (
				8DABDB3821ECCBC80065B93C /*  CustomTextField.swift */,
			);
			path = TextFields;
			sourceTree = "<group>";
		};
		8DABDB3A21ECCBEC0065B93C /* Supporting Files */ = {
			isa = PBXGroup;
			children = (
				8DABDB3621ECCBC80065B93C /* CustomViews */,
				8DABDB2921ECCB1A0065B93C /* Assets.xcassets */,
				8DABDB2221ECCB180065B93C /* AppDelegate.swift */,
			);
			path = "\U0010Supporting Files";
			sourceTree = "<group>";
		};
		8DABDB3B21ECCC000065B93C /* Storyboards */ = {
			isa = PBXGroup;
			children = (
				8DABDB2B21ECCB1A0065B93C /* LaunchScreen.storyboard */,
				8DABDB4421ECCC8B0065B93C /* Main.storyboard */,
			);
			path = Storyboards;
			sourceTree = "<group>";
		};
		8DABDB3D21ECCC230065B93C /* Student */ = {
			isa = PBXGroup;
			children = (
				8DABDB3F21ECCC230065B93C /* StudentViewController.swift */,
			);
			path = Student;
			sourceTree = "<group>";
		};
		8DABDB4621ECD1090065B93C /* Model */ = {
			isa = PBXGroup;
			children = (
				8DABDB4921ECD1370065B93C /* Student.swift */,
			);
			path = Model;
			sourceTree = "<group>";
		};
		8DAC7BA821EF76A70030AE9D /* Network */ = {
			isa = PBXGroup;
			children = (
				8DAC7BA221EF762B0030AE9D /* RequestHandler.swift */,
				8DAC7BA621EF763C0030AE9D /* SendMessageRequest.swift */,
				8DAC7BA421EF76320030AE9D /* AlamofireClient.swift */,
			);
			path = Network;
			sourceTree = "<group>";
		};
		E6C9031DB0587A53FF644F42 /* Frameworks */ = {
			isa = PBXGroup;
			children = (
				DE7230AD3F86992DD8B699EF /* Pods_SwiftyJSONApp.framework */,
			);
			name = Frameworks;
			sourceTree = "<group>";
		};
		F8E30A494AA1EEEA67E333B7 /* Pods */ = {
			isa = PBXGroup;
			children = (
				6718BE533559C26112E7C1EC /* Pods-SwiftyJSONApp.debug.xcconfig */,
				96A7CD9F95C72290F7171075 /* Pods-SwiftyJSONApp.release.xcconfig */,
			);
			name = Pods;
			sourceTree = "<group>";
		};
/* End PBXGroup section */

/* Begin PBXNativeTarget section */
		8DABDB1E21ECCB180065B93C /* SwiftyJSONApp */ = {
			isa = PBXNativeTarget;
			buildConfigurationList = 8DABDB3121ECCB1A0065B93C /* Build configuration list for PBXNativeTarget "SwiftyJSONApp" */;
			buildPhases = (
				195E11BD638C7EAF062B1DB2 /* [CP] Check Pods Manifest.lock */,
				8DABDB1B21ECCB180065B93C /* Sources */,
				8DABDB1C21ECCB180065B93C /* Frameworks */,
				8DABDB1D21ECCB180065B93C /* Resources */,
				EC2B067D668F6241ED8E1804 /* [CP] Embed Pods Frameworks */,
			);
			buildRules = (
			);
			dependencies = (
			);
			name = SwiftyJSONApp;
			productName = SwiftyJSONApp;
			productReference = 8DABDB1F21ECCB180065B93C /* SwiftyJSONApp.app */;
			productType = "com.apple.product-type.application";
		};
/* End PBXNativeTarget section */

/* Begin PBXProject section */
		8DABDB1721ECCB180065B93C /* Project object */ = {
			isa = PBXProject;
			attributes = {
				LastSwiftUpdateCheck = 1010;
				LastUpgradeCheck = 1010;
				ORGANIZATIONNAME = Belatrix;
				TargetAttributes = {
					8DABDB1E21ECCB180065B93C = {
						CreatedOnToolsVersion = 10.1;
					};
				};
			};
			buildConfigurationList = 8DABDB1A21ECCB180065B93C /* Build configuration list for PBXProject "SwiftyJSONApp" */;
			compatibilityVersion = "Xcode 9.3";
			developmentRegion = en;
			hasScannedForEncodings = 0;
			knownRegions = (
				en,
				Base,
			);
			mainGroup = 8DABDB1621ECCB180065B93C;
			productRefGroup = 8DABDB2021ECCB180065B93C /* Products */;
			projectDirPath = "";
			projectRoot = "";
			targets = (
				8DABDB1E21ECCB180065B93C /* SwiftyJSONApp */,
			);
		};
/* End PBXProject section */

/* Begin PBXResourcesBuildPhase section */
		8DABDB1D21ECCB180065B93C /* Resources */ = {
			isa = PBXResourcesBuildPhase;
			buildActionMask = 2147483647;
			files = (
				8DABDB4521ECCC8B0065B93C /* Main.storyboard in Resources */,
				8DABDB2D21ECCB1A0065B93C /* LaunchScreen.storyboard in Resources */,
				8DABDB2A21ECCB1A0065B93C /* Assets.xcassets in Resources */,
			);
			runOnlyForDeploymentPostprocessing = 0;
		};
/* End PBXResourcesBuildPhase section */

/* Begin PBXShellScriptBuildPhase section */
		195E11BD638C7EAF062B1DB2 /* [CP] Check Pods Manifest.lock */ = {
			isa = PBXShellScriptBuildPhase;
			buildActionMask = 2147483647;
			files = (
			);
			inputFileListPaths = (
			);
			inputPaths = (
				"${PODS_PODFILE_DIR_PATH}/Podfile.lock",
				"${PODS_ROOT}/Manifest.lock",
			);
			name = "[CP] Check Pods Manifest.lock";
			outputFileListPaths = (
			);
			outputPaths = (
				"$(DERIVED_FILE_DIR)/Pods-SwiftyJSONApp-checkManifestLockResult.txt",
			);
			runOnlyForDeploymentPostprocessing = 0;
			shellPath = /bin/sh;
			shellScript = "diff \"${PODS_PODFILE_DIR_PATH}/Podfile.lock\" \"${PODS_ROOT}/Manifest.lock\" > /dev/null\nif [ $? != 0 ] ; then\n    # print error to STDERR\n    echo \"error: The sandbox is not in sync with the Podfile.lock. Run 'pod install' or update your CocoaPods installation.\" >&2\n    exit 1\nfi\n# This output is used by Xcode 'outputs' to avoid re-running this script phase.\necho \"SUCCESS\" > \"${SCRIPT_OUTPUT_FILE_0}\"\n";
			showEnvVarsInLog = 0;
		};
		EC2B067D668F6241ED8E1804 /* [CP] Embed Pods Frameworks */ = {
			isa = PBXShellScriptBuildPhase;
			buildActionMask = 2147483647;
			files = (
			);
			inputFileListPaths = (
			);
			inputPaths = (
				"${SRCROOT}/Pods/Target Support Files/Pods-SwiftyJSONApp/Pods-SwiftyJSONApp-frameworks.sh",
				"${BUILT_PRODUCTS_DIR}/Alamofire/Alamofire.framework",
				"${BUILT_PRODUCTS_DIR}/SwiftyJSON/SwiftyJSON.framework",
			);
			name = "[CP] Embed Pods Frameworks";
			outputFileListPaths = (
			);
			outputPaths = (
				"${TARGET_BUILD_DIR}/${FRAMEWORKS_FOLDER_PATH}/Alamofire.framework",
				"${TARGET_BUILD_DIR}/${FRAMEWORKS_FOLDER_PATH}/SwiftyJSON.framework",
			);
			runOnlyForDeploymentPostprocessing = 0;
			shellPath = /bin/sh;
			shellScript = "\"${SRCROOT}/Pods/Target Support Files/Pods-SwiftyJSONApp/Pods-SwiftyJSONApp-frameworks.sh\"\n";
			showEnvVarsInLog = 0;
		};
/* End PBXShellScriptBuildPhase section */

/* Begin PBXSourcesBuildPhase section */
		8DABDB1B21ECCB180065B93C /* Sources */ = {
			isa = PBXSourcesBuildPhase;
			buildActionMask = 2147483647;
			files = (
				8DABDB4121ECCC230065B93C /* StudentViewController.swift in Sources */,
				8DAC7BA521EF76320030AE9D /* AlamofireClient.swift in Sources */,
				8DABDB4A21ECD1370065B93C /* Student.swift in Sources */,
				8DAC7BA721EF763C0030AE9D /* SendMessageRequest.swift in Sources */,
				8DAC7BA321EF762B0030AE9D /* RequestHandler.swift in Sources */,
				8DABDB4321ECCC7C0065B93C /* StudentManager.swift in Sources */,
				8DABDB2321ECCB180065B93C /* AppDelegate.swift in Sources */,
				8DABDB3921ECCBC80065B93C /*  CustomTextField.swift in Sources */,
			);
			runOnlyForDeploymentPostprocessing = 0;
		};
/* End PBXSourcesBuildPhase section */

/* Begin PBXVariantGroup section */
		8DABDB2B21ECCB1A0065B93C /* LaunchScreen.storyboard */ = {
			isa = PBXVariantGroup;
			children = (
				8DABDB2C21ECCB1A0065B93C /* Base */,
			);
			name = LaunchScreen.storyboard;
			sourceTree = "<group>";
		};
/* End PBXVariantGroup section */

/* Begin XCBuildConfiguration section */
		8DABDB2F21ECCB1A0065B93C /* Debug */ = {
			isa = XCBuildConfiguration;
			buildSettings = {
				ALWAYS_SEARCH_USER_PATHS = NO;
				CLANG_ANALYZER_NONNULL = YES;
				CLANG_ANALYZER_NUMBER_OBJECT_CONVERSION = YES_AGGRESSIVE;
				CLANG_CXX_LANGUAGE_STANDARD = "gnu++14";
				CLANG_CXX_LIBRARY = "libc++";
				CLANG_ENABLE_MODULES = YES;
				CLANG_ENABLE_OBJC_ARC = YES;
				CLANG_ENABLE_OBJC_WEAK = YES;
				CLANG_WARN_BLOCK_CAPTURE_AUTORELEASING = YES;
				CLANG_WARN_BOOL_CONVERSION = YES;
				CLANG_WARN_COMMA = YES;
				CLANG_WARN_CONSTANT_CONVERSION = YES;
				CLANG_WARN_DEPRECATED_OBJC_IMPLEMENTATIONS = YES;
				CLANG_WARN_DIRECT_OBJC_ISA_USAGE = YES_ERROR;
				CLANG_WARN_DOCUMENTATION_COMMENTS = YES;
				CLANG_WARN_EMPTY_BODY = YES;
				CLANG_WARN_ENUM_CONVERSION = YES;
				CLANG_WARN_INFINITE_RECURSION = YES;
				CLANG_WARN_INT_CONVERSION = YES;
				CLANG_WARN_NON_LITERAL_NULL_CONVERSION = YES;
				CLANG_WARN_OBJC_IMPLICIT_RETAIN_SELF = YES;
				CLANG_WARN_OBJC_LITERAL_CONVERSION = YES;
				CLANG_WARN_OBJC_ROOT_CLASS = YES_ERROR;
				CLANG_WARN_RANGE_LOOP_ANALYSIS = YES;
				CLANG_WARN_STRICT_PROTOTYPES = YES;
				CLANG_WARN_SUSPICIOUS_MOVE = YES;
				CLANG_WARN_UNGUARDED_AVAILABILITY = YES_AGGRESSIVE;
				CLANG_WARN_UNREACHABLE_CODE = YES;
				CLANG_WARN__DUPLICATE_METHOD_MATCH = YES;
				CODE_SIGN_IDENTITY = "iPhone Developer";
				COPY_PHASE_STRIP = NO;
				DEBUG_INFORMATION_FORMAT = dwarf;
				ENABLE_STRICT_OBJC_MSGSEND = YES;
				ENABLE_TESTABILITY = YES;
				GCC_C_LANGUAGE_STANDARD = gnu11;
				GCC_DYNAMIC_NO_PIC = NO;
				GCC_NO_COMMON_BLOCKS = YES;
				GCC_OPTIMIZATION_LEVEL = 0;
				GCC_PREPROCESSOR_DEFINITIONS = (
					"DEBUG=1",
					"$(inherited)",
				);
				GCC_WARN_64_TO_32_BIT_CONVERSION = YES;
				GCC_WARN_ABOUT_RETURN_TYPE = YES_ERROR;
				GCC_WARN_UNDECLARED_SELECTOR = YES;
				GCC_WARN_UNINITIALIZED_AUTOS = YES_AGGRESSIVE;
				GCC_WARN_UNUSED_FUNCTION = YES;
				GCC_WARN_UNUSED_VARIABLE = YES;
				IPHONEOS_DEPLOYMENT_TARGET = 12.1;
				MTL_ENABLE_DEBUG_INFO = INCLUDE_SOURCE;
				MTL_FAST_MATH = YES;
				ONLY_ACTIVE_ARCH = YES;
				SDKROOT = iphoneos;
				SWIFT_ACTIVE_COMPILATION_CONDITIONS = DEBUG;
				SWIFT_OPTIMIZATION_LEVEL = "-Onone";
			};
			name = Debug;
		};
		8DABDB3021ECCB1A0065B93C /* Release */ = {
			isa = XCBuildConfiguration;
			buildSettings = {
				ALWAYS_SEARCH_USER_PATHS = NO;
				CLANG_ANALYZER_NONNULL = YES;
				CLANG_ANALYZER_NUMBER_OBJECT_CONVERSION = YES_AGGRESSIVE;
				CLANG_CXX_LANGUAGE_STANDARD = "gnu++14";
				CLANG_CXX_LIBRARY = "libc++";
				CLANG_ENABLE_MODULES = YES;
				CLANG_ENABLE_OBJC_ARC = YES;
				CLANG_ENABLE_OBJC_WEAK = YES;
				CLANG_WARN_BLOCK_CAPTURE_AUTORELEASING = YES;
				CLANG_WARN_BOOL_CONVERSION = YES;
				CLANG_WARN_COMMA = YES;
				CLANG_WARN_CONSTANT_CONVERSION = YES;
				CLANG_WARN_DEPRECATED_OBJC_IMPLEMENTATIONS = YES;
				CLANG_WARN_DIRECT_OBJC_ISA_USAGE = YES_ERROR;
				CLANG_WARN_DOCUMENTATION_COMMENTS = YES;
				CLANG_WARN_EMPTY_BODY = YES;
				CLANG_WARN_ENUM_CONVERSION = YES;
				CLANG_WARN_INFINITE_RECURSION = YES;
				CLANG_WARN_INT_CONVERSION = YES;
				CLANG_WARN_NON_LITERAL_NULL_CONVERSION = YES;
				CLANG_WARN_OBJC_IMPLICIT_RETAIN_SELF = YES;
				CLANG_WARN_OBJC_LITERAL_CONVERSION = YES;
				CLANG_WARN_OBJC_ROOT_CLASS = YES_ERROR;
				CLANG_WARN_RANGE_LOOP_ANALYSIS = YES;
				CLANG_WARN_STRICT_PROTOTYPES = YES;
				CLANG_WARN_SUSPICIOUS_MOVE = YES;
				CLANG_WARN_UNGUARDED_AVAILABILITY = YES_AGGRESSIVE;
				CLANG_WARN_UNREACHABLE_CODE = YES;
				CLANG_WARN__DUPLICATE_METHOD_MATCH = YES;
				CODE_SIGN_IDENTITY = "iPhone Developer";
				COPY_PHASE_STRIP = NO;
				DEBUG_INFORMATION_FORMAT = "dwarf-with-dsym";
				ENABLE_NS_ASSERTIONS = NO;
				ENABLE_STRICT_OBJC_MSGSEND = YES;
				GCC_C_LANGUAGE_STANDARD = gnu11;
				GCC_NO_COMMON_BLOCKS = YES;
				GCC_WARN_64_TO_32_BIT_CONVERSION = YES;
				GCC_WARN_ABOUT_RETURN_TYPE = YES_ERROR;
				GCC_WARN_UNDECLARED_SELECTOR = YES;
				GCC_WARN_UNINITIALIZED_AUTOS = YES_AGGRESSIVE;
				GCC_WARN_UNUSED_FUNCTION = YES;
				GCC_WARN_UNUSED_VARIABLE = YES;
				IPHONEOS_DEPLOYMENT_TARGET = 12.1;
				MTL_ENABLE_DEBUG_INFO = NO;
				MTL_FAST_MATH = YES;
				SDKROOT = iphoneos;
				SWIFT_COMPILATION_MODE = wholemodule;
				SWIFT_OPTIMIZATION_LEVEL = "-O";
				VALIDATE_PRODUCT = YES;
			};
			name = Release;
		};
		8DABDB3221ECCB1A0065B93C /* Debug */ = {
			isa = XCBuildConfiguration;
			baseConfigurationReference = 6718BE533559C26112E7C1EC /* Pods-SwiftyJSONApp.debug.xcconfig */;
			buildSettings = {
				ASSETCATALOG_COMPILER_APPICON_NAME = AppIcon;
				CODE_SIGN_STYLE = Automatic;
				INFOPLIST_FILE = SwiftyJSONApp/Info.plist;
				LD_RUNPATH_SEARCH_PATHS = (
					"$(inherited)",
					"@executable_path/Frameworks",
				);
				PRODUCT_BUNDLE_IDENTIFIER = com.belatrix.SwiftyJSONApp;
				PRODUCT_NAME = "$(TARGET_NAME)";
				SWIFT_VERSION = 4.2;
				TARGETED_DEVICE_FAMILY = "1,2";
			};
			name = Debug;
		};
		8DABDB3321ECCB1A0065B93C /* Release */ = {
			isa = XCBuildConfiguration;
			baseConfigurationReference = 96A7CD9F95C72290F7171075 /* Pods-SwiftyJSONApp.release.xcconfig */;
			buildSettings = {
				ASSETCATALOG_COMPILER_APPICON_NAME = AppIcon;
				CODE_SIGN_STYLE = Automatic;
				INFOPLIST_FILE = SwiftyJSONApp/Info.plist;
				LD_RUNPATH_SEARCH_PATHS = (
					"$(inherited)",
					"@executable_path/Frameworks",
				);
				PRODUCT_BUNDLE_IDENTIFIER = com.belatrix.SwiftyJSONApp;
				PRODUCT_NAME = "$(TARGET_NAME)";
				SWIFT_VERSION = 4.2;
				TARGETED_DEVICE_FAMILY = "1,2";
			};
			name = Release;
		};
/* End XCBuildConfiguration section */

/* Begin XCConfigurationList section */
		8DABDB1A21ECCB180065B93C /* Build configuration list for PBXProject "SwiftyJSONApp" */ = {
			isa = XCConfigurationList;
			buildConfigurations = (
				8DABDB2F21ECCB1A0065B93C /* Debug */,
				8DABDB3021ECCB1A0065B93C /* Release */,
			);
			defaultConfigurationIsVisible = 0;
			defaultConfigurationName = Release;
		};
		8DABDB3121ECCB1A0065B93C /* Build configuration list for PBXNativeTarget "SwiftyJSONApp" */ = {
			isa = XCConfigurationList;
			buildConfigurations = (
				8DABDB3221ECCB1A0065B93C /* Debug */,
				8DABDB3321ECCB1A0065B93C /* Release */,
			);
			defaultConfigurationIsVisible = 0;
			defaultConfigurationName = Release;
		};
/* End XCConfigurationList section */
	};
	rootObject = 8DABDB1721ECCB180065B93C /* Project object */;
}
